// !$*UTF8*$!
{
	archiveVersion = 1;
	classes = {
	};
	objectVersion = 55;
	objects = {

/* Begin PBXBuildFile section */
		EA1A07F1283BB44E00A5EBF7 /* AppDelegate.swift in Sources */ = {isa = PBXBuildFile; fileRef = EA1A07F0283BB44E00A5EBF7 /* AppDelegate.swift */; };
		EA1A07F5283BB44E00A5EBF7 /* ImagesLisViewController.swift in Sources */ = {isa = PBXBuildFile; fileRef = EA1A07F4283BB44E00A5EBF7 /* ImagesLisViewController.swift */; };
		EA1A07FA283BB45000A5EBF7 /* Assets.xcassets in Resources */ = {isa = PBXBuildFile; fileRef = EA1A07F9283BB45000A5EBF7 /* Assets.xcassets */; };
		EA1A07FD283BB45000A5EBF7 /* LaunchScreen.storyboard in Resources */ = {isa = PBXBuildFile; fileRef = EA1A07FB283BB45000A5EBF7 /* LaunchScreen.storyboard */; };
		EA1A0821283BB46D00A5EBF7 /* AsyncOperation.swift in Sources */ = {isa = PBXBuildFile; fileRef = EA1A0820283BB46D00A5EBF7 /* AsyncOperation.swift */; };
		EA1A0825283BB48100A5EBF7 /* NetworkLayer.swift in Sources */ = {isa = PBXBuildFile; fileRef = EA1A0823283BB48100A5EBF7 /* NetworkLayer.swift */; };
		EA1A0826283BB48100A5EBF7 /* ApiService.swift in Sources */ = {isa = PBXBuildFile; fileRef = EA1A0824283BB48100A5EBF7 /* ApiService.swift */; };
		EA1A0829283BB4DF00A5EBF7 /* FlickrImage.swift in Sources */ = {isa = PBXBuildFile; fileRef = EA1A0828283BB4DF00A5EBF7 /* FlickrImage.swift */; };
		EA1A082C283BB50000A5EBF7 /* FlickrImageDTO.swift in Sources */ = {isa = PBXBuildFile; fileRef = EA1A082B283BB50000A5EBF7 /* FlickrImageDTO.swift */; };
		EA1A082F283BB73D00A5EBF7 /* ImagesLisPresenter.swift in Sources */ = {isa = PBXBuildFile; fileRef = EA1A082E283BB73D00A5EBF7 /* ImagesLisPresenter.swift */; };
		EA1A0831283BB79700A5EBF7 /* ImagesLisInteractor.swift in Sources */ = {isa = PBXBuildFile; fileRef = EA1A0830283BB79700A5EBF7 /* ImagesLisInteractor.swift */; };
		EA1A0834283BCB3800A5EBF7 /* ImagesListView.swift in Sources */ = {isa = PBXBuildFile; fileRef = EA1A0833283BCB3800A5EBF7 /* ImagesListView.swift */; };
		EA1A0836283BCBE100A5EBF7 /* Configurable.swift in Sources */ = {isa = PBXBuildFile; fileRef = EA1A0835283BCBE100A5EBF7 /* Configurable.swift */; };
		EA1A083C283BCD5E00A5EBF7 /* ApplicationFlowCoordinator.swift in Sources */ = {isa = PBXBuildFile; fileRef = EA1A083B283BCD5E00A5EBF7 /* ApplicationFlowCoordinator.swift */; };
		EA1A083E283BCD9A00A5EBF7 /* ImagesListDataFlow.swift in Sources */ = {isa = PBXBuildFile; fileRef = EA1A083D283BCD9A00A5EBF7 /* ImagesListDataFlow.swift */; };
		EA1A0840283BCE5600A5EBF7 /* ImagesListAssembly.swift in Sources */ = {isa = PBXBuildFile; fileRef = EA1A083F283BCE5600A5EBF7 /* ImagesListAssembly.swift */; };
		EA1A0843283BD08B00A5EBF7 /* ImagesListService.swift in Sources */ = {isa = PBXBuildFile; fileRef = EA1A0842283BD08B00A5EBF7 /* ImagesListService.swift */; };
		EA1A0845283BD2DE00A5EBF7 /* Page.swift in Sources */ = {isa = PBXBuildFile; fileRef = EA1A0844283BD2DE00A5EBF7 /* Page.swift */; };
		EA1A0847283BD3C500A5EBF7 /* ImagesListStorage.swift in Sources */ = {isa = PBXBuildFile; fileRef = EA1A0846283BD3C500A5EBF7 /* ImagesListStorage.swift */; };
		EA1A0849283CC4C900A5EBF7 /* ImageCell.swift in Sources */ = {isa = PBXBuildFile; fileRef = EA1A0848283CC4C900A5EBF7 /* ImageCell.swift */; };
		EA45972B286B772100C3DA1C /* ErrorDTO.swift in Sources */ = {isa = PBXBuildFile; fileRef = EA45972A286B772100C3DA1C /* ErrorDTO.swift */; };
		EA4D8211283CDA2A00AFDE35 /* ImageDownloadingOperation.swift in Sources */ = {isa = PBXBuildFile; fileRef = EA4D8210283CDA2A00AFDE35 /* ImageDownloadingOperation.swift */; };
		EA4D8214283CFF0100AFDE35 /* StorageManager.swift in Sources */ = {isa = PBXBuildFile; fileRef = EA4D8213283CFF0100AFDE35 /* StorageManager.swift */; };
		EA4D823B283D017300AFDE35 /* Flickr.xcdatamodeld in Sources */ = {isa = PBXBuildFile; fileRef = EA4D8239283D017300AFDE35 /* Flickr.xcdatamodeld */; };
		EA4D823E283D096500AFDE35 /* SearchHistoryViewController.swift in Sources */ = {isa = PBXBuildFile; fileRef = EA4D823D283D096500AFDE35 /* SearchHistoryViewController.swift */; };
		EA4D8240283D099300AFDE35 /* SearchHistoryPresenter.swift in Sources */ = {isa = PBXBuildFile; fileRef = EA4D823F283D099300AFDE35 /* SearchHistoryPresenter.swift */; };
		EA4D8242283D09A100AFDE35 /* SearchHistoryInteractor.swift in Sources */ = {isa = PBXBuildFile; fileRef = EA4D8241283D09A100AFDE35 /* SearchHistoryInteractor.swift */; };
		EA4D8244283D09B900AFDE35 /* SearchHistoryAssembly.swift in Sources */ = {isa = PBXBuildFile; fileRef = EA4D8243283D09B900AFDE35 /* SearchHistoryAssembly.swift */; };
		EA4D8247283D0A8D00AFDE35 /* SearchHistoryView.swift in Sources */ = {isa = PBXBuildFile; fileRef = EA4D8246283D0A8D00AFDE35 /* SearchHistoryView.swift */; };
		EA4D8249283D0AE800AFDE35 /* SearchHistoryDataFlow.swift in Sources */ = {isa = PBXBuildFile; fileRef = EA4D8248283D0AE800AFDE35 /* SearchHistoryDataFlow.swift */; };
		EA4D824D283D141000AFDE35 /* Module.swift in Sources */ = {isa = PBXBuildFile; fileRef = EA4D824C283D141000AFDE35 /* Module.swift */; };
		EAEC07E52872C6B200090D5A /* ImageListSerivceTests.swift in Sources */ = {isa = PBXBuildFile; fileRef = EAEC07E42872C6B200090D5A /* ImageListSerivceTests.swift */; };
		EAEC07EA2872C7C100090D5A /* ApiServiceMock.swift in Sources */ = {isa = PBXBuildFile; fileRef = EAEC07E82872C79C00090D5A /* ApiServiceMock.swift */; };
		EAEC07EC2872D73B00090D5A /* ApiServiceTests.swift in Sources */ = {isa = PBXBuildFile; fileRef = EAEC07EB2872D73B00090D5A /* ApiServiceTests.swift */; };
		EAEC07EF2872D8A600090D5A /* NetworkLayerMock.swift in Sources */ = {isa = PBXBuildFile; fileRef = EAEC07ED2872D88600090D5A /* NetworkLayerMock.swift */; };
		EAEC07F12872D9F200090D5A /* TestJson.json in Resources */ = {isa = PBXBuildFile; fileRef = EAEC07F02872D9F200090D5A /* TestJson.json */; };
		EAEC07F32872E4D500090D5A /* ImagesListInteractorTests.swift in Sources */ = {isa = PBXBuildFile; fileRef = EAEC07F22872E4D500090D5A /* ImagesListInteractorTests.swift */; };
		EAEC07F62872E5E400090D5A /* ImagesListStorageMock.swift in Sources */ = {isa = PBXBuildFile; fileRef = EAEC07F42872E5D000090D5A /* ImagesListStorageMock.swift */; };
		EAEC07F92872E80400090D5A /* ImagesListPresenterMock.swift in Sources */ = {isa = PBXBuildFile; fileRef = EAEC07F72872E7EC00090D5A /* ImagesListPresenterMock.swift */; };
		EAEC07FC287314B800090D5A /* ImagesListServiceMock.swift in Sources */ = {isa = PBXBuildFile; fileRef = EAEC07FA2873149300090D5A /* ImagesListServiceMock.swift */; };
		EAEC07FF2873162C00090D5A /* ImagesListOutputMock.swift in Sources */ = {isa = PBXBuildFile; fileRef = EAEC07FD2873161500090D5A /* ImagesListOutputMock.swift */; };
		EAEC08032873293E00090D5A /* SearchItemProtocol.swift in Sources */ = {isa = PBXBuildFile; fileRef = EAEC08022873293E00090D5A /* SearchItemProtocol.swift */; };
		EAEC0804287329A700090D5A /* SearchItemMock.swift in Sources */ = {isa = PBXBuildFile; fileRef = EAEC08002873292800090D5A /* SearchItemMock.swift */; };
		EAEC080628732D8300090D5A /* ImagesListPresenterTests.swift in Sources */ = {isa = PBXBuildFile; fileRef = EAEC080528732D8300090D5A /* ImagesListPresenterTests.swift */; };
		EAEC080928732E2200090D5A /* ImageListViewControllerMock.swift in Sources */ = {isa = PBXBuildFile; fileRef = EAEC080728732E0E00090D5A /* ImageListViewControllerMock.swift */; };
		EAEC080B2873323900090D5A /* ImagesListViewControllerTest.swift in Sources */ = {isa = PBXBuildFile; fileRef = EAEC080A2873323900090D5A /* ImagesListViewControllerTest.swift */; };
		EAEC080D287332C400090D5A /* ImagesListInteractorMock.swift in Sources */ = {isa = PBXBuildFile; fileRef = EAEC080C287332C400090D5A /* ImagesListInteractorMock.swift */; };
		EAEC08122873390700090D5A /* SearchHistoryInteractorTests.swift in Sources */ = {isa = PBXBuildFile; fileRef = EAEC08112873390700090D5A /* SearchHistoryInteractorTests.swift */; };
		EAEC0815287339FC00090D5A /* SearchHistoryInteractorMock.swift in Sources */ = {isa = PBXBuildFile; fileRef = EAEC0814287339FC00090D5A /* SearchHistoryInteractorMock.swift */; };
		EAEC081728733B7700090D5A /* SearchHistoryPresenterMock.swift in Sources */ = {isa = PBXBuildFile; fileRef = EAEC081628733B7700090D5A /* SearchHistoryPresenterMock.swift */; };
		EAEC081928733BFB00090D5A /* SearchHistoryOutputMock.swift in Sources */ = {isa = PBXBuildFile; fileRef = EAEC081828733BFB00090D5A /* SearchHistoryOutputMock.swift */; };
		EAEC081B287341A400090D5A /* SearchHistoryPresenterTests.swift in Sources */ = {isa = PBXBuildFile; fileRef = EAEC081A287341A400090D5A /* SearchHistoryPresenterTests.swift */; };
		EAEC081E287341DD00090D5A /* SearchHistoryViewControllerMock.swift in Sources */ = {isa = PBXBuildFile; fileRef = EAEC081C287341C600090D5A /* SearchHistoryViewControllerMock.swift */; };
		EAEC08202873444700090D5A /* SearchHistoryViewControllerTests.swift in Sources */ = {isa = PBXBuildFile; fileRef = EAEC081F2873444700090D5A /* SearchHistoryViewControllerTests.swift */; };
/* End PBXBuildFile section */

/* Begin PBXContainerItemProxy section */
		EA1A0804283BB45000A5EBF7 /* PBXContainerItemProxy */ = {
			isa = PBXContainerItemProxy;
			containerPortal = EA1A07E5283BB44E00A5EBF7 /* Project object */;
			proxyType = 1;
			remoteGlobalIDString = EA1A07EC283BB44E00A5EBF7;
			remoteInfo = FlickrApp;
		};
/* End PBXContainerItemProxy section */

/* Begin PBXFileReference section */
		EA1A07ED283BB44E00A5EBF7 /* FlickrApp.app */ = {isa = PBXFileReference; explicitFileType = wrapper.application; includeInIndex = 0; path = FlickrApp.app; sourceTree = BUILT_PRODUCTS_DIR; };
		EA1A07F0283BB44E00A5EBF7 /* AppDelegate.swift */ = {isa = PBXFileReference; lastKnownFileType = sourcecode.swift; path = AppDelegate.swift; sourceTree = "<group>"; };
		EA1A07F4283BB44E00A5EBF7 /* ImagesLisViewController.swift */ = {isa = PBXFileReference; lastKnownFileType = sourcecode.swift; path = ImagesLisViewController.swift; sourceTree = "<group>"; };
		EA1A07F9283BB45000A5EBF7 /* Assets.xcassets */ = {isa = PBXFileReference; lastKnownFileType = folder.assetcatalog; path = Assets.xcassets; sourceTree = "<group>"; };
		EA1A07FC283BB45000A5EBF7 /* Base */ = {isa = PBXFileReference; lastKnownFileType = file.storyboard; name = Base; path = Base.lproj/LaunchScreen.storyboard; sourceTree = "<group>"; };
		EA1A07FE283BB45000A5EBF7 /* Info.plist */ = {isa = PBXFileReference; lastKnownFileType = text.plist.xml; path = Info.plist; sourceTree = "<group>"; };
		EA1A0803283BB45000A5EBF7 /* FlickrAppTests.xctest */ = {isa = PBXFileReference; explicitFileType = wrapper.cfbundle; includeInIndex = 0; path = FlickrAppTests.xctest; sourceTree = BUILT_PRODUCTS_DIR; };
		EA1A0820283BB46D00A5EBF7 /* AsyncOperation.swift */ = {isa = PBXFileReference; fileEncoding = 4; lastKnownFileType = sourcecode.swift; path = AsyncOperation.swift; sourceTree = "<group>"; };
		EA1A0823283BB48100A5EBF7 /* NetworkLayer.swift */ = {isa = PBXFileReference; fileEncoding = 4; lastKnownFileType = sourcecode.swift; path = NetworkLayer.swift; sourceTree = "<group>"; };
		EA1A0824283BB48100A5EBF7 /* ApiService.swift */ = {isa = PBXFileReference; fileEncoding = 4; lastKnownFileType = sourcecode.swift; path = ApiService.swift; sourceTree = "<group>"; };
		EA1A0828283BB4DF00A5EBF7 /* FlickrImage.swift */ = {isa = PBXFileReference; lastKnownFileType = sourcecode.swift; path = FlickrImage.swift; sourceTree = "<group>"; };
		EA1A082B283BB50000A5EBF7 /* FlickrImageDTO.swift */ = {isa = PBXFileReference; lastKnownFileType = sourcecode.swift; path = FlickrImageDTO.swift; sourceTree = "<group>"; };
		EA1A082E283BB73D00A5EBF7 /* ImagesLisPresenter.swift */ = {isa = PBXFileReference; lastKnownFileType = sourcecode.swift; path = ImagesLisPresenter.swift; sourceTree = "<group>"; };
		EA1A0830283BB79700A5EBF7 /* ImagesLisInteractor.swift */ = {isa = PBXFileReference; lastKnownFileType = sourcecode.swift; path = ImagesLisInteractor.swift; sourceTree = "<group>"; };
		EA1A0833283BCB3800A5EBF7 /* ImagesListView.swift */ = {isa = PBXFileReference; lastKnownFileType = sourcecode.swift; path = ImagesListView.swift; sourceTree = "<group>"; };
		EA1A0835283BCBE100A5EBF7 /* Configurable.swift */ = {isa = PBXFileReference; fileEncoding = 4; lastKnownFileType = sourcecode.swift; path = Configurable.swift; sourceTree = "<group>"; };
		EA1A083B283BCD5E00A5EBF7 /* ApplicationFlowCoordinator.swift */ = {isa = PBXFileReference; fileEncoding = 4; lastKnownFileType = sourcecode.swift; path = ApplicationFlowCoordinator.swift; sourceTree = "<group>"; };
		EA1A083D283BCD9A00A5EBF7 /* ImagesListDataFlow.swift */ = {isa = PBXFileReference; lastKnownFileType = sourcecode.swift; path = ImagesListDataFlow.swift; sourceTree = "<group>"; };
		EA1A083F283BCE5600A5EBF7 /* ImagesListAssembly.swift */ = {isa = PBXFileReference; lastKnownFileType = sourcecode.swift; path = ImagesListAssembly.swift; sourceTree = "<group>"; };
		EA1A0842283BD08B00A5EBF7 /* ImagesListService.swift */ = {isa = PBXFileReference; lastKnownFileType = sourcecode.swift; path = ImagesListService.swift; sourceTree = "<group>"; };
		EA1A0844283BD2DE00A5EBF7 /* Page.swift */ = {isa = PBXFileReference; lastKnownFileType = sourcecode.swift; path = Page.swift; sourceTree = "<group>"; };
		EA1A0846283BD3C500A5EBF7 /* ImagesListStorage.swift */ = {isa = PBXFileReference; lastKnownFileType = sourcecode.swift; path = ImagesListStorage.swift; sourceTree = "<group>"; };
		EA1A0848283CC4C900A5EBF7 /* ImageCell.swift */ = {isa = PBXFileReference; lastKnownFileType = sourcecode.swift; path = ImageCell.swift; sourceTree = "<group>"; };
		EA45972A286B772100C3DA1C /* ErrorDTO.swift */ = {isa = PBXFileReference; fileEncoding = 4; lastKnownFileType = sourcecode.swift; path = ErrorDTO.swift; sourceTree = "<group>"; };
		EA4D8210283CDA2A00AFDE35 /* ImageDownloadingOperation.swift */ = {isa = PBXFileReference; lastKnownFileType = sourcecode.swift; path = ImageDownloadingOperation.swift; sourceTree = "<group>"; };
		EA4D8213283CFF0100AFDE35 /* StorageManager.swift */ = {isa = PBXFileReference; lastKnownFileType = sourcecode.swift; path = StorageManager.swift; sourceTree = "<group>"; };
		EA4D823A283D017300AFDE35 /* Flickr.xcdatamodel */ = {isa = PBXFileReference; lastKnownFileType = wrapper.xcdatamodel; path = Flickr.xcdatamodel; sourceTree = "<group>"; };
		EA4D823D283D096500AFDE35 /* SearchHistoryViewController.swift */ = {isa = PBXFileReference; lastKnownFileType = sourcecode.swift; path = SearchHistoryViewController.swift; sourceTree = "<group>"; };
		EA4D823F283D099300AFDE35 /* SearchHistoryPresenter.swift */ = {isa = PBXFileReference; lastKnownFileType = sourcecode.swift; path = SearchHistoryPresenter.swift; sourceTree = "<group>"; };
		EA4D8241283D09A100AFDE35 /* SearchHistoryInteractor.swift */ = {isa = PBXFileReference; lastKnownFileType = sourcecode.swift; path = SearchHistoryInteractor.swift; sourceTree = "<group>"; };
		EA4D8243283D09B900AFDE35 /* SearchHistoryAssembly.swift */ = {isa = PBXFileReference; lastKnownFileType = sourcecode.swift; path = SearchHistoryAssembly.swift; sourceTree = "<group>"; };
		EA4D8246283D0A8D00AFDE35 /* SearchHistoryView.swift */ = {isa = PBXFileReference; lastKnownFileType = sourcecode.swift; path = SearchHistoryView.swift; sourceTree = "<group>"; };
		EA4D8248283D0AE800AFDE35 /* SearchHistoryDataFlow.swift */ = {isa = PBXFileReference; lastKnownFileType = sourcecode.swift; path = SearchHistoryDataFlow.swift; sourceTree = "<group>"; };
		EA4D824C283D141000AFDE35 /* Module.swift */ = {isa = PBXFileReference; lastKnownFileType = sourcecode.swift; path = Module.swift; sourceTree = "<group>"; };
		EAEC07E42872C6B200090D5A /* ImageListSerivceTests.swift */ = {isa = PBXFileReference; lastKnownFileType = sourcecode.swift; path = ImageListSerivceTests.swift; sourceTree = "<group>"; };
		EAEC07E82872C79C00090D5A /* ApiServiceMock.swift */ = {isa = PBXFileReference; lastKnownFileType = sourcecode.swift; path = ApiServiceMock.swift; sourceTree = "<group>"; };
		EAEC07EB2872D73B00090D5A /* ApiServiceTests.swift */ = {isa = PBXFileReference; lastKnownFileType = sourcecode.swift; path = ApiServiceTests.swift; sourceTree = "<group>"; };
		EAEC07ED2872D88600090D5A /* NetworkLayerMock.swift */ = {isa = PBXFileReference; fileEncoding = 4; lastKnownFileType = sourcecode.swift; path = NetworkLayerMock.swift; sourceTree = "<group>"; };
		EAEC07F02872D9F200090D5A /* TestJson.json */ = {isa = PBXFileReference; fileEncoding = 4; lastKnownFileType = text.json; path = TestJson.json; sourceTree = "<group>"; };
		EAEC07F22872E4D500090D5A /* ImagesListInteractorTests.swift */ = {isa = PBXFileReference; lastKnownFileType = sourcecode.swift; path = ImagesListInteractorTests.swift; sourceTree = "<group>"; };
		EAEC07F42872E5D000090D5A /* ImagesListStorageMock.swift */ = {isa = PBXFileReference; lastKnownFileType = sourcecode.swift; path = ImagesListStorageMock.swift; sourceTree = "<group>"; };
		EAEC07F72872E7EC00090D5A /* ImagesListPresenterMock.swift */ = {isa = PBXFileReference; lastKnownFileType = sourcecode.swift; path = ImagesListPresenterMock.swift; sourceTree = "<group>"; };
		EAEC07FA2873149300090D5A /* ImagesListServiceMock.swift */ = {isa = PBXFileReference; lastKnownFileType = sourcecode.swift; path = ImagesListServiceMock.swift; sourceTree = "<group>"; };
		EAEC07FD2873161500090D5A /* ImagesListOutputMock.swift */ = {isa = PBXFileReference; lastKnownFileType = sourcecode.swift; path = ImagesListOutputMock.swift; sourceTree = "<group>"; };
		EAEC08002873292800090D5A /* SearchItemMock.swift */ = {isa = PBXFileReference; lastKnownFileType = sourcecode.swift; path = SearchItemMock.swift; sourceTree = "<group>"; };
		EAEC08022873293E00090D5A /* SearchItemProtocol.swift */ = {isa = PBXFileReference; lastKnownFileType = sourcecode.swift; path = SearchItemProtocol.swift; sourceTree = "<group>"; };
		EAEC080528732D8300090D5A /* ImagesListPresenterTests.swift */ = {isa = PBXFileReference; lastKnownFileType = sourcecode.swift; path = ImagesListPresenterTests.swift; sourceTree = "<group>"; };
		EAEC080728732E0E00090D5A /* ImageListViewControllerMock.swift */ = {isa = PBXFileReference; lastKnownFileType = sourcecode.swift; path = ImageListViewControllerMock.swift; sourceTree = "<group>"; };
		EAEC080A2873323900090D5A /* ImagesListViewControllerTest.swift */ = {isa = PBXFileReference; lastKnownFileType = sourcecode.swift; path = ImagesListViewControllerTest.swift; sourceTree = "<group>"; };
		EAEC080C287332C400090D5A /* ImagesListInteractorMock.swift */ = {isa = PBXFileReference; lastKnownFileType = sourcecode.swift; path = ImagesListInteractorMock.swift; sourceTree = "<group>"; };
		EAEC08112873390700090D5A /* SearchHistoryInteractorTests.swift */ = {isa = PBXFileReference; lastKnownFileType = sourcecode.swift; path = SearchHistoryInteractorTests.swift; sourceTree = "<group>"; };
		EAEC0814287339FC00090D5A /* SearchHistoryInteractorMock.swift */ = {isa = PBXFileReference; lastKnownFileType = sourcecode.swift; path = SearchHistoryInteractorMock.swift; sourceTree = "<group>"; };
		EAEC081628733B7700090D5A /* SearchHistoryPresenterMock.swift */ = {isa = PBXFileReference; lastKnownFileType = sourcecode.swift; path = SearchHistoryPresenterMock.swift; sourceTree = "<group>"; };
		EAEC081828733BFB00090D5A /* SearchHistoryOutputMock.swift */ = {isa = PBXFileReference; lastKnownFileType = sourcecode.swift; path = SearchHistoryOutputMock.swift; sourceTree = "<group>"; };
		EAEC081A287341A400090D5A /* SearchHistoryPresenterTests.swift */ = {isa = PBXFileReference; lastKnownFileType = sourcecode.swift; path = SearchHistoryPresenterTests.swift; sourceTree = "<group>"; };
		EAEC081C287341C600090D5A /* SearchHistoryViewControllerMock.swift */ = {isa = PBXFileReference; lastKnownFileType = sourcecode.swift; path = SearchHistoryViewControllerMock.swift; sourceTree = "<group>"; };
		EAEC081F2873444700090D5A /* SearchHistoryViewControllerTests.swift */ = {isa = PBXFileReference; lastKnownFileType = sourcecode.swift; path = SearchHistoryViewControllerTests.swift; sourceTree = "<group>"; };
/* End PBXFileReference section */

/* Begin PBXFrameworksBuildPhase section */
		EA1A07EA283BB44E00A5EBF7 /* Frameworks */ = {
			isa = PBXFrameworksBuildPhase;
			buildActionMask = 2147483647;
			files = (
			);
			runOnlyForDeploymentPostprocessing = 0;
		};
		EA1A0800283BB45000A5EBF7 /* Frameworks */ = {
			isa = PBXFrameworksBuildPhase;
			buildActionMask = 2147483647;
			files = (
			);
			runOnlyForDeploymentPostprocessing = 0;
		};
/* End PBXFrameworksBuildPhase section */

/* Begin PBXGroup section */
		EA1A07E4283BB44E00A5EBF7 = {
			isa = PBXGroup;
			children = (
				EA1A07EF283BB44E00A5EBF7 /* FlickrApp */,
				EA1A07EE283BB44E00A5EBF7 /* Products */,
			);
			sourceTree = "<group>";
		};
		EA1A07EE283BB44E00A5EBF7 /* Products */ = {
			isa = PBXGroup;
			children = (
				EA1A07ED283BB44E00A5EBF7 /* FlickrApp.app */,
				EA1A0803283BB45000A5EBF7 /* FlickrAppTests.xctest */,
			);
			name = Products;
			sourceTree = "<group>";
		};
		EA1A07EF283BB44E00A5EBF7 /* FlickrApp */ = {
			isa = PBXGroup;
			children = (
				EA4D8238283D015200AFDE35 /* StorageManager */,
				EA1A0841283BD07A00A5EBF7 /* Services */,
				EA1A082A283BB4EE00A5EBF7 /* DTO */,
				EA1A0827283BB4CA00A5EBF7 /* Models */,
				EA1A0838283BCD2100A5EBF7 /* ApplicationFlow */,
				EA1A082D283BB6EC00A5EBF7 /* ImagesListFlow */,
				EA1A0822283BB48100A5EBF7 /* Network */,
				EA1A07F9283BB45000A5EBF7 /* Assets.xcassets */,
				EA1A07FB283BB45000A5EBF7 /* LaunchScreen.storyboard */,
				EA1A0837283BCBE600A5EBF7 /* Common */,
				EA1A07FE283BB45000A5EBF7 /* Info.plist */,
				EAEC07E62872C6BE00090D5A /* Tests */,
			);
			path = FlickrApp;
			sourceTree = "<group>";
		};
		EA1A0822283BB48100A5EBF7 /* Network */ = {
			isa = PBXGroup;
			children = (
				EA1A0820283BB46D00A5EBF7 /* AsyncOperation.swift */,
				EA1A0823283BB48100A5EBF7 /* NetworkLayer.swift */,
				EA1A0824283BB48100A5EBF7 /* ApiService.swift */,
			);
			path = Network;
			sourceTree = "<group>";
		};
		EA1A0827283BB4CA00A5EBF7 /* Models */ = {
			isa = PBXGroup;
			children = (
				EA1A0828283BB4DF00A5EBF7 /* FlickrImage.swift */,
				EA1A0844283BD2DE00A5EBF7 /* Page.swift */,
			);
			path = Models;
			sourceTree = "<group>";
		};
		EA1A082A283BB4EE00A5EBF7 /* DTO */ = {
			isa = PBXGroup;
			children = (
				EA45972A286B772100C3DA1C /* ErrorDTO.swift */,
				EA1A082B283BB50000A5EBF7 /* FlickrImageDTO.swift */,
			);
			path = DTO;
			sourceTree = "<group>";
		};
		EA1A082D283BB6EC00A5EBF7 /* ImagesListFlow */ = {
			isa = PBXGroup;
			children = (
				EA4D823C283D093F00AFDE35 /* SearchHistory */,
				EA4D8212283CFE3400AFDE35 /* ImagesList */,
			);
			path = ImagesListFlow;
			sourceTree = "<group>";
		};
		EA1A0832283BCB1B00A5EBF7 /* View */ = {
			isa = PBXGroup;
			children = (
				EA1A0833283BCB3800A5EBF7 /* ImagesListView.swift */,
				EA1A0848283CC4C900A5EBF7 /* ImageCell.swift */,
			);
			path = View;
			sourceTree = "<group>";
		};
		EA1A0837283BCBE600A5EBF7 /* Common */ = {
			isa = PBXGroup;
			children = (
				EA1A0835283BCBE100A5EBF7 /* Configurable.swift */,
				EA4D824C283D141000AFDE35 /* Module.swift */,
			);
			path = Common;
			sourceTree = "<group>";
		};
		EA1A0838283BCD2100A5EBF7 /* ApplicationFlow */ = {
			isa = PBXGroup;
			children = (
				EA1A07F0283BB44E00A5EBF7 /* AppDelegate.swift */,
				EA1A083B283BCD5E00A5EBF7 /* ApplicationFlowCoordinator.swift */,
			);
			path = ApplicationFlow;
			sourceTree = "<group>";
		};
		EA1A0841283BD07A00A5EBF7 /* Services */ = {
			isa = PBXGroup;
			children = (
				EA1A0842283BD08B00A5EBF7 /* ImagesListService.swift */,
				EA4D8210283CDA2A00AFDE35 /* ImageDownloadingOperation.swift */,
			);
			path = Services;
			sourceTree = "<group>";
		};
		EA4D8212283CFE3400AFDE35 /* ImagesList */ = {
			isa = PBXGroup;
			children = (
				EA1A083F283BCE5600A5EBF7 /* ImagesListAssembly.swift */,
				EA1A083D283BCD9A00A5EBF7 /* ImagesListDataFlow.swift */,
				EA1A0846283BD3C500A5EBF7 /* ImagesListStorage.swift */,
				EA1A0830283BB79700A5EBF7 /* ImagesLisInteractor.swift */,
				EA1A082E283BB73D00A5EBF7 /* ImagesLisPresenter.swift */,
				EA1A07F4283BB44E00A5EBF7 /* ImagesLisViewController.swift */,
				EA1A0832283BCB1B00A5EBF7 /* View */,
			);
			name = ImagesList;
			sourceTree = "<group>";
		};
		EA4D8238283D015200AFDE35 /* StorageManager */ = {
			isa = PBXGroup;
			children = (
				EA4D8213283CFF0100AFDE35 /* StorageManager.swift */,
				EAEC08022873293E00090D5A /* SearchItemProtocol.swift */,
				EA4D8239283D017300AFDE35 /* Flickr.xcdatamodeld */,
			);
			path = StorageManager;
			sourceTree = "<group>";
		};
		EA4D823C283D093F00AFDE35 /* SearchHistory */ = {
			isa = PBXGroup;
			children = (
				EA4D8243283D09B900AFDE35 /* SearchHistoryAssembly.swift */,
				EA4D8248283D0AE800AFDE35 /* SearchHistoryDataFlow.swift */,
				EA4D8241283D09A100AFDE35 /* SearchHistoryInteractor.swift */,
				EA4D823F283D099300AFDE35 /* SearchHistoryPresenter.swift */,
				EA4D823D283D096500AFDE35 /* SearchHistoryViewController.swift */,
				EA4D8245283D0A7600AFDE35 /* View */,
			);
			name = SearchHistory;
			sourceTree = "<group>";
		};
		EA4D8245283D0A7600AFDE35 /* View */ = {
			isa = PBXGroup;
			children = (
				EA4D8246283D0A8D00AFDE35 /* SearchHistoryView.swift */,
			);
			name = View;
			sourceTree = "<group>";
		};
		EAEC07E62872C6BE00090D5A /* Tests */ = {
			isa = PBXGroup;
			children = (
				EAEC08102873389400090D5A /* SearchHistory */,
				EAEC07F02872D9F200090D5A /* TestJson.json */,
				EAEC07E72872C75500090D5A /* Mocks */,
				EAEC07E42872C6B200090D5A /* ImageListSerivceTests.swift */,
				EAEC07EB2872D73B00090D5A /* ApiServiceTests.swift */,
				EAEC080E287337F100090D5A /* ImagesList */,
			);
			path = Tests;
			sourceTree = "<group>";
		};
		EAEC07E72872C75500090D5A /* Mocks */ = {
			isa = PBXGroup;
			children = (
				EAEC0813287339B400090D5A /* SearchHistory */,
				EAEC080F2873380400090D5A /* ImagesList */,
				EAEC07ED2872D88600090D5A /* NetworkLayerMock.swift */,
				EAEC07E82872C79C00090D5A /* ApiServiceMock.swift */,
				EAEC07F42872E5D000090D5A /* ImagesListStorageMock.swift */,
				EAEC07FA2873149300090D5A /* ImagesListServiceMock.swift */,
				EAEC08002873292800090D5A /* SearchItemMock.swift */,
			);
			path = Mocks;
			sourceTree = "<group>";
		};
		EAEC080E287337F100090D5A /* ImagesList */ = {
			isa = PBXGroup;
			children = (
				EAEC07F22872E4D500090D5A /* ImagesListInteractorTests.swift */,
				EAEC080528732D8300090D5A /* ImagesListPresenterTests.swift */,
				EAEC080A2873323900090D5A /* ImagesListViewControllerTest.swift */,
			);
			path = ImagesList;
			sourceTree = "<group>";
		};
		EAEC080F2873380400090D5A /* ImagesList */ = {
			isa = PBXGroup;
			children = (
				EAEC07FD2873161500090D5A /* ImagesListOutputMock.swift */,
				EAEC07F72872E7EC00090D5A /* ImagesListPresenterMock.swift */,
				EAEC080728732E0E00090D5A /* ImageListViewControllerMock.swift */,
				EAEC080C287332C400090D5A /* ImagesListInteractorMock.swift */,
			);
			path = ImagesList;
			sourceTree = "<group>";
		};
		EAEC08102873389400090D5A /* SearchHistory */ = {
			isa = PBXGroup;
			children = (
				EAEC08112873390700090D5A /* SearchHistoryInteractorTests.swift */,
				EAEC081A287341A400090D5A /* SearchHistoryPresenterTests.swift */,
				EAEC081F2873444700090D5A /* SearchHistoryViewControllerTests.swift */,
			);
			path = SearchHistory;
			sourceTree = "<group>";
		};
		EAEC0813287339B400090D5A /* SearchHistory */ = {
			isa = PBXGroup;
			children = (
				EAEC0814287339FC00090D5A /* SearchHistoryInteractorMock.swift */,
				EAEC081628733B7700090D5A /* SearchHistoryPresenterMock.swift */,
				EAEC081828733BFB00090D5A /* SearchHistoryOutputMock.swift */,
				EAEC081C287341C600090D5A /* SearchHistoryViewControllerMock.swift */,
			);
			path = SearchHistory;
			sourceTree = "<group>";
		};
/* End PBXGroup section */

/* Begin PBXNativeTarget section */
		EA1A07EC283BB44E00A5EBF7 /* FlickrApp */ = {
			isa = PBXNativeTarget;
			buildConfigurationList = EA1A0817283BB45000A5EBF7 /* Build configuration list for PBXNativeTarget "FlickrApp" */;
			buildPhases = (
				EA1A07E9283BB44E00A5EBF7 /* Sources */,
				EA1A07EA283BB44E00A5EBF7 /* Frameworks */,
				EA1A07EB283BB44E00A5EBF7 /* Resources */,
			);
			buildRules = (
			);
			dependencies = (
			);
			name = FlickrApp;
			productName = FlickrApp;
			productReference = EA1A07ED283BB44E00A5EBF7 /* FlickrApp.app */;
			productType = "com.apple.product-type.application";
		};
		EA1A0802283BB45000A5EBF7 /* FlickrAppTests */ = {
			isa = PBXNativeTarget;
			buildConfigurationList = EA1A081A283BB45000A5EBF7 /* Build configuration list for PBXNativeTarget "FlickrAppTests" */;
			buildPhases = (
				EA1A07FF283BB45000A5EBF7 /* Sources */,
				EA1A0800283BB45000A5EBF7 /* Frameworks */,
				EA1A0801283BB45000A5EBF7 /* Resources */,
			);
			buildRules = (
			);
			dependencies = (
				EA1A0805283BB45000A5EBF7 /* PBXTargetDependency */,
			);
			name = FlickrAppTests;
			productName = FlickrAppTests;
			productReference = EA1A0803283BB45000A5EBF7 /* FlickrAppTests.xctest */;
			productType = "com.apple.product-type.bundle.unit-test";
		};
/* End PBXNativeTarget section */

/* Begin PBXProject section */
		EA1A07E5283BB44E00A5EBF7 /* Project object */ = {
			isa = PBXProject;
			attributes = {
				BuildIndependentTargetsInParallel = 1;
				LastSwiftUpdateCheck = 1330;
				LastUpgradeCheck = 1330;
				TargetAttributes = {
					EA1A07EC283BB44E00A5EBF7 = {
						CreatedOnToolsVersion = 13.3;
					};
					EA1A0802283BB45000A5EBF7 = {
						CreatedOnToolsVersion = 13.3;
						LastSwiftMigration = 1340;
						TestTargetID = EA1A07EC283BB44E00A5EBF7;
					};
				};
			};
			buildConfigurationList = EA1A07E8283BB44E00A5EBF7 /* Build configuration list for PBXProject "FlickrApp" */;
			compatibilityVersion = "Xcode 13.0";
			developmentRegion = en;
			hasScannedForEncodings = 0;
			knownRegions = (
				en,
				Base,
			);
			mainGroup = EA1A07E4283BB44E00A5EBF7;
			productRefGroup = EA1A07EE283BB44E00A5EBF7 /* Products */;
			projectDirPath = "";
			projectRoot = "";
			targets = (
				EA1A07EC283BB44E00A5EBF7 /* FlickrApp */,
				EA1A0802283BB45000A5EBF7 /* FlickrAppTests */,
			);
		};
/* End PBXProject section */

/* Begin PBXResourcesBuildPhase section */
		EA1A07EB283BB44E00A5EBF7 /* Resources */ = {
			isa = PBXResourcesBuildPhase;
			buildActionMask = 2147483647;
			files = (
				EA1A07FD283BB45000A5EBF7 /* LaunchScreen.storyboard in Resources */,
				EA1A07FA283BB45000A5EBF7 /* Assets.xcassets in Resources */,
			);
			runOnlyForDeploymentPostprocessing = 0;
		};
		EA1A0801283BB45000A5EBF7 /* Resources */ = {
			isa = PBXResourcesBuildPhase;
			buildActionMask = 2147483647;
			files = (
				EAEC07F12872D9F200090D5A /* TestJson.json in Resources */,
			);
			runOnlyForDeploymentPostprocessing = 0;
		};
/* End PBXResourcesBuildPhase section */

/* Begin PBXSourcesBuildPhase section */
		EA1A07E9283BB44E00A5EBF7 /* Sources */ = {
			isa = PBXSourcesBuildPhase;
			buildActionMask = 2147483647;
			files = (
				EA1A07F5283BB44E00A5EBF7 /* ImagesLisViewController.swift in Sources */,
				EA4D8244283D09B900AFDE35 /* SearchHistoryAssembly.swift in Sources */,
				EA1A07F1283BB44E00A5EBF7 /* AppDelegate.swift in Sources */,
				EA1A0845283BD2DE00A5EBF7 /* Page.swift in Sources */,
				EA1A0829283BB4DF00A5EBF7 /* FlickrImage.swift in Sources */,
				EA4D8247283D0A8D00AFDE35 /* SearchHistoryView.swift in Sources */,
				EA1A082F283BB73D00A5EBF7 /* ImagesLisPresenter.swift in Sources */,
				EA4D823E283D096500AFDE35 /* SearchHistoryViewController.swift in Sources */,
				EA4D8211283CDA2A00AFDE35 /* ImageDownloadingOperation.swift in Sources */,
				EA1A0847283BD3C500A5EBF7 /* ImagesListStorage.swift in Sources */,
				EA4D8214283CFF0100AFDE35 /* StorageManager.swift in Sources */,
				EA1A0834283BCB3800A5EBF7 /* ImagesListView.swift in Sources */,
				EA1A083E283BCD9A00A5EBF7 /* ImagesListDataFlow.swift in Sources */,
				EA4D8249283D0AE800AFDE35 /* SearchHistoryDataFlow.swift in Sources */,
				EA4D8242283D09A100AFDE35 /* SearchHistoryInteractor.swift in Sources */,
				EA1A0836283BCBE100A5EBF7 /* Configurable.swift in Sources */,
				EA1A083C283BCD5E00A5EBF7 /* ApplicationFlowCoordinator.swift in Sources */,
				EA1A082C283BB50000A5EBF7 /* FlickrImageDTO.swift in Sources */,
				EAEC08032873293E00090D5A /* SearchItemProtocol.swift in Sources */,
				EA1A0849283CC4C900A5EBF7 /* ImageCell.swift in Sources */,
				EA1A0831283BB79700A5EBF7 /* ImagesLisInteractor.swift in Sources */,
				EA1A0843283BD08B00A5EBF7 /* ImagesListService.swift in Sources */,
				EA4D823B283D017300AFDE35 /* Flickr.xcdatamodeld in Sources */,
				EA4D8240283D099300AFDE35 /* SearchHistoryPresenter.swift in Sources */,
				EA1A0826283BB48100A5EBF7 /* ApiService.swift in Sources */,
				EA1A0821283BB46D00A5EBF7 /* AsyncOperation.swift in Sources */,
				EA45972B286B772100C3DA1C /* ErrorDTO.swift in Sources */,
				EA4D824D283D141000AFDE35 /* Module.swift in Sources */,
				EA1A0825283BB48100A5EBF7 /* NetworkLayer.swift in Sources */,
				EA1A0840283BCE5600A5EBF7 /* ImagesListAssembly.swift in Sources */,
			);
			runOnlyForDeploymentPostprocessing = 0;
		};
		EA1A07FF283BB45000A5EBF7 /* Sources */ = {
			isa = PBXSourcesBuildPhase;
			buildActionMask = 2147483647;
			files = (
				EAEC08122873390700090D5A /* SearchHistoryInteractorTests.swift in Sources */,
				EAEC07EA2872C7C100090D5A /* ApiServiceMock.swift in Sources */,
				EAEC07FF2873162C00090D5A /* ImagesListOutputMock.swift in Sources */,
				EAEC07E52872C6B200090D5A /* ImageListSerivceTests.swift in Sources */,
				EAEC0815287339FC00090D5A /* SearchHistoryInteractorMock.swift in Sources */,
				EAEC07EF2872D8A600090D5A /* NetworkLayerMock.swift in Sources */,
				EAEC080D287332C400090D5A /* ImagesListInteractorMock.swift in Sources */,
				EAEC080928732E2200090D5A /* ImageListViewControllerMock.swift in Sources */,
				EAEC080B2873323900090D5A /* ImagesListViewControllerTest.swift in Sources */,
				EAEC08202873444700090D5A /* SearchHistoryViewControllerTests.swift in Sources */,
				EAEC081E287341DD00090D5A /* SearchHistoryViewControllerMock.swift in Sources */,
				EAEC081928733BFB00090D5A /* SearchHistoryOutputMock.swift in Sources */,
				EAEC081B287341A400090D5A /* SearchHistoryPresenterTests.swift in Sources */,
				EAEC080628732D8300090D5A /* ImagesListPresenterTests.swift in Sources */,
				EAEC07FC287314B800090D5A /* ImagesListServiceMock.swift in Sources */,
				EAEC07F32872E4D500090D5A /* ImagesListInteractorTests.swift in Sources */,
				EAEC07F92872E80400090D5A /* ImagesListPresenterMock.swift in Sources */,
				EAEC07EC2872D73B00090D5A /* ApiServiceTests.swift in Sources */,
				EAEC0804287329A700090D5A /* SearchItemMock.swift in Sources */,
				EAEC081728733B7700090D5A /* SearchHistoryPresenterMock.swift in Sources */,
				EAEC07F62872E5E400090D5A /* ImagesListStorageMock.swift in Sources */,
			);
			runOnlyForDeploymentPostprocessing = 0;
		};
/* End PBXSourcesBuildPhase section */

/* Begin PBXTargetDependency section */
		EA1A0805283BB45000A5EBF7 /* PBXTargetDependency */ = {
			isa = PBXTargetDependency;
			target = EA1A07EC283BB44E00A5EBF7 /* FlickrApp */;
			targetProxy = EA1A0804283BB45000A5EBF7 /* PBXContainerItemProxy */;
		};
/* End PBXTargetDependency section */

/* Begin PBXVariantGroup section */
		EA1A07FB283BB45000A5EBF7 /* LaunchScreen.storyboard */ = {
			isa = PBXVariantGroup;
			children = (
				EA1A07FC283BB45000A5EBF7 /* Base */,
			);
			name = LaunchScreen.storyboard;
			sourceTree = "<group>";
		};
/* End PBXVariantGroup section */

/* Begin XCBuildConfiguration section */
		EA1A0815283BB45000A5EBF7 /* Debug */ = {
			isa = XCBuildConfiguration;
			buildSettings = {
				ALWAYS_SEARCH_USER_PATHS = NO;
				CLANG_ANALYZER_NONNULL = YES;
				CLANG_ANALYZER_NUMBER_OBJECT_CONVERSION = YES_AGGRESSIVE;
				CLANG_CXX_LANGUAGE_STANDARD = "gnu++17";
				CLANG_ENABLE_MODULES = YES;
				CLANG_ENABLE_OBJC_ARC = YES;
				CLANG_ENABLE_OBJC_WEAK = YES;
				CLANG_WARN_BLOCK_CAPTURE_AUTORELEASING = YES;
				CLANG_WARN_BOOL_CONVERSION = YES;
				CLANG_WARN_COMMA = YES;
				CLANG_WARN_CONSTANT_CONVERSION = YES;
				CLANG_WARN_DEPRECATED_OBJC_IMPLEMENTATIONS = YES;
				CLANG_WARN_DIRECT_OBJC_ISA_USAGE = YES_ERROR;
				CLANG_WARN_DOCUMENTATION_COMMENTS = YES;
				CLANG_WARN_EMPTY_BODY = YES;
				CLANG_WARN_ENUM_CONVERSION = YES;
				CLANG_WARN_INFINITE_RECURSION = YES;
				CLANG_WARN_INT_CONVERSION = YES;
				CLANG_WARN_NON_LITERAL_NULL_CONVERSION = YES;
				CLANG_WARN_OBJC_IMPLICIT_RETAIN_SELF = YES;
				CLANG_WARN_OBJC_LITERAL_CONVERSION = YES;
				CLANG_WARN_OBJC_ROOT_CLASS = YES_ERROR;
				CLANG_WARN_QUOTED_INCLUDE_IN_FRAMEWORK_HEADER = YES;
				CLANG_WARN_RANGE_LOOP_ANALYSIS = YES;
				CLANG_WARN_STRICT_PROTOTYPES = YES;
				CLANG_WARN_SUSPICIOUS_MOVE = YES;
				CLANG_WARN_UNGUARDED_AVAILABILITY = YES_AGGRESSIVE;
				CLANG_WARN_UNREACHABLE_CODE = YES;
				CLANG_WARN__DUPLICATE_METHOD_MATCH = YES;
				COPY_PHASE_STRIP = NO;
				DEBUG_INFORMATION_FORMAT = dwarf;
				ENABLE_STRICT_OBJC_MSGSEND = YES;
				ENABLE_TESTABILITY = YES;
				GCC_C_LANGUAGE_STANDARD = gnu11;
				GCC_DYNAMIC_NO_PIC = NO;
				GCC_NO_COMMON_BLOCKS = YES;
				GCC_OPTIMIZATION_LEVEL = 0;
				GCC_PREPROCESSOR_DEFINITIONS = (
					"DEBUG=1",
					"$(inherited)",
				);
				GCC_WARN_64_TO_32_BIT_CONVERSION = YES;
				GCC_WARN_ABOUT_RETURN_TYPE = YES_ERROR;
				GCC_WARN_UNDECLARED_SELECTOR = YES;
				GCC_WARN_UNINITIALIZED_AUTOS = YES_AGGRESSIVE;
				GCC_WARN_UNUSED_FUNCTION = YES;
				GCC_WARN_UNUSED_VARIABLE = YES;
				IPHONEOS_DEPLOYMENT_TARGET = 15.4;
				MTL_ENABLE_DEBUG_INFO = INCLUDE_SOURCE;
				MTL_FAST_MATH = YES;
				ONLY_ACTIVE_ARCH = YES;
				SDKROOT = iphoneos;
				SWIFT_ACTIVE_COMPILATION_CONDITIONS = DEBUG;
				SWIFT_OPTIMIZATION_LEVEL = "-Onone";
			};
			name = Debug;
		};
		EA1A0816283BB45000A5EBF7 /* Release */ = {
			isa = XCBuildConfiguration;
			buildSettings = {
				ALWAYS_SEARCH_USER_PATHS = NO;
				CLANG_ANALYZER_NONNULL = YES;
				CLANG_ANALYZER_NUMBER_OBJECT_CONVERSION = YES_AGGRESSIVE;
				CLANG_CXX_LANGUAGE_STANDARD = "gnu++17";
				CLANG_ENABLE_MODULES = YES;
				CLANG_ENABLE_OBJC_ARC = YES;
				CLANG_ENABLE_OBJC_WEAK = YES;
				CLANG_WARN_BLOCK_CAPTURE_AUTORELEASING = YES;
				CLANG_WARN_BOOL_CONVERSION = YES;
				CLANG_WARN_COMMA = YES;
				CLANG_WARN_CONSTANT_CONVERSION = YES;
				CLANG_WARN_DEPRECATED_OBJC_IMPLEMENTATIONS = YES;
				CLANG_WARN_DIRECT_OBJC_ISA_USAGE = YES_ERROR;
				CLANG_WARN_DOCUMENTATION_COMMENTS = YES;
				CLANG_WARN_EMPTY_BODY = YES;
				CLANG_WARN_ENUM_CONVERSION = YES;
				CLANG_WARN_INFINITE_RECURSION = YES;
				CLANG_WARN_INT_CONVERSION = YES;
				CLANG_WARN_NON_LITERAL_NULL_CONVERSION = YES;
				CLANG_WARN_OBJC_IMPLICIT_RETAIN_SELF = YES;
				CLANG_WARN_OBJC_LITERAL_CONVERSION = YES;
				CLANG_WARN_OBJC_ROOT_CLASS = YES_ERROR;
				CLANG_WARN_QUOTED_INCLUDE_IN_FRAMEWORK_HEADER = YES;
				CLANG_WARN_RANGE_LOOP_ANALYSIS = YES;
				CLANG_WARN_STRICT_PROTOTYPES = YES;
				CLANG_WARN_SUSPICIOUS_MOVE = YES;
				CLANG_WARN_UNGUARDED_AVAILABILITY = YES_AGGRESSIVE;
				CLANG_WARN_UNREACHABLE_CODE = YES;
				CLANG_WARN__DUPLICATE_METHOD_MATCH = YES;
				COPY_PHASE_STRIP = NO;
				DEBUG_INFORMATION_FORMAT = "dwarf-with-dsym";
				ENABLE_NS_ASSERTIONS = NO;
				ENABLE_STRICT_OBJC_MSGSEND = YES;
				GCC_C_LANGUAGE_STANDARD = gnu11;
				GCC_NO_COMMON_BLOCKS = YES;
				GCC_WARN_64_TO_32_BIT_CONVERSION = YES;
				GCC_WARN_ABOUT_RETURN_TYPE = YES_ERROR;
				GCC_WARN_UNDECLARED_SELECTOR = YES;
				GCC_WARN_UNINITIALIZED_AUTOS = YES_AGGRESSIVE;
				GCC_WARN_UNUSED_FUNCTION = YES;
				GCC_WARN_UNUSED_VARIABLE = YES;
				IPHONEOS_DEPLOYMENT_TARGET = 15.4;
				MTL_ENABLE_DEBUG_INFO = NO;
				MTL_FAST_MATH = YES;
				SDKROOT = iphoneos;
				SWIFT_COMPILATION_MODE = wholemodule;
				SWIFT_OPTIMIZATION_LEVEL = "-O";
				VALIDATE_PRODUCT = YES;
			};
			name = Release;
		};
		EA1A0818283BB45000A5EBF7 /* Debug */ = {
			isa = XCBuildConfiguration;
			buildSettings = {
				ASSETCATALOG_COMPILER_APPICON_NAME = AppIcon;
				ASSETCATALOG_COMPILER_GLOBAL_ACCENT_COLOR_NAME = AccentColor;
				CODE_SIGN_STYLE = Automatic;
				CURRENT_PROJECT_VERSION = 1;
				GENERATE_INFOPLIST_FILE = YES;
				INFOPLIST_FILE = FlickrApp/Info.plist;
				INFOPLIST_KEY_UIApplicationSupportsIndirectInputEvents = YES;
				INFOPLIST_KEY_UILaunchStoryboardName = LaunchScreen;
				INFOPLIST_KEY_UISupportedInterfaceOrientations_iPad = "UIInterfaceOrientationPortrait UIInterfaceOrientationPortraitUpsideDown UIInterfaceOrientationLandscapeLeft UIInterfaceOrientationLandscapeRight";
				INFOPLIST_KEY_UISupportedInterfaceOrientations_iPhone = "UIInterfaceOrientationPortrait UIInterfaceOrientationLandscapeLeft UIInterfaceOrientationLandscapeRight";
				LD_RUNPATH_SEARCH_PATHS = (
					"$(inherited)",
					"@executable_path/Frameworks",
				);
				MARKETING_VERSION = 1.0;
				PRODUCT_BUNDLE_IDENTIFIER = myteam.FlickrApp;
				PRODUCT_NAME = "$(TARGET_NAME)";
				SWIFT_EMIT_LOC_STRINGS = YES;
				SWIFT_VERSION = 5.0;
				TARGETED_DEVICE_FAMILY = "1,2";
			};
			name = Debug;
		};
		EA1A0819283BB45000A5EBF7 /* Release */ = {
			isa = XCBuildConfiguration;
			buildSettings = {
				ASSETCATALOG_COMPILER_APPICON_NAME = AppIcon;
				ASSETCATALOG_COMPILER_GLOBAL_ACCENT_COLOR_NAME = AccentColor;
				CODE_SIGN_STYLE = Automatic;
				CURRENT_PROJECT_VERSION = 1;
				GENERATE_INFOPLIST_FILE = YES;
				INFOPLIST_FILE = FlickrApp/Info.plist;
				INFOPLIST_KEY_UIApplicationSupportsIndirectInputEvents = YES;
				INFOPLIST_KEY_UILaunchStoryboardName = LaunchScreen;
				INFOPLIST_KEY_UISupportedInterfaceOrientations_iPad = "UIInterfaceOrientationPortrait UIInterfaceOrientationPortraitUpsideDown UIInterfaceOrientationLandscapeLeft UIInterfaceOrientationLandscapeRight";
				INFOPLIST_KEY_UISupportedInterfaceOrientations_iPhone = "UIInterfaceOrientationPortrait UIInterfaceOrientationLandscapeLeft UIInterfaceOrientationLandscapeRight";
				LD_RUNPATH_SEARCH_PATHS = (
					"$(inherited)",
					"@executable_path/Frameworks",
				);
				MARKETING_VERSION = 1.0;
				PRODUCT_BUNDLE_IDENTIFIER = myteam.FlickrApp;
				PRODUCT_NAME = "$(TARGET_NAME)";
				SWIFT_EMIT_LOC_STRINGS = YES;
				SWIFT_VERSION = 5.0;
				TARGETED_DEVICE_FAMILY = "1,2";
			};
			name = Release;
		};
		EA1A081B283BB45000A5EBF7 /* Debug */ = {
			isa = XCBuildConfiguration;
			buildSettings = {
				ALWAYS_EMBED_SWIFT_STANDARD_LIBRARIES = YES;
				BUNDLE_LOADER = "$(TEST_HOST)";
				CLANG_ENABLE_MODULES = YES;
				CODE_SIGN_STYLE = Automatic;
				CURRENT_PROJECT_VERSION = 1;
				DEVELOPMENT_TEAM = PPB42CLCJ7;
				GENERATE_INFOPLIST_FILE = YES;
				IPHONEOS_DEPLOYMENT_TARGET = 15.4;
				LD_RUNPATH_SEARCH_PATHS = (
					"$(inherited)",
					"@executable_path/Frameworks",
					"@loader_path/Frameworks",
				);
				MARKETING_VERSION = 1.0;
				PRODUCT_BUNDLE_IDENTIFIER = myteam.FlickrAppTests;
				PRODUCT_NAME = "$(TARGET_NAME)";
				SWIFT_EMIT_LOC_STRINGS = NO;
				SWIFT_OPTIMIZATION_LEVEL = "-Onone";
				SWIFT_VERSION = 5.0;
				TARGETED_DEVICE_FAMILY = "1,2";
				TEST_HOST = "$(BUILT_PRODUCTS_DIR)/FlickrApp.app/FlickrApp";
			};
			name = Debug;
		};
		EA1A081C283BB45000A5EBF7 /* Release */ = {
			isa = XCBuildConfiguration;
			buildSettings = {
				ALWAYS_EMBED_SWIFT_STANDARD_LIBRARIES = YES;
				BUNDLE_LOADER = "$(TEST_HOST)";
				CLANG_ENABLE_MODULES = YES;
				CODE_SIGN_STYLE = Automatic;
				CURRENT_PROJECT_VERSION = 1;
				DEVELOPMENT_TEAM = PPB42CLCJ7;
				GENERATE_INFOPLIST_FILE = YES;
				IPHONEOS_DEPLOYMENT_TARGET = 15.4;
				LD_RUNPATH_SEARCH_PATHS = (
					"$(inherited)",
					"@executable_path/Frameworks",
					"@loader_path/Frameworks",
				);
				MARKETING_VERSION = 1.0;
				PRODUCT_BUNDLE_IDENTIFIER = myteam.FlickrAppTests;
				PRODUCT_NAME = "$(TARGET_NAME)";
				SWIFT_EMIT_LOC_STRINGS = NO;
				SWIFT_VERSION = 5.0;
				TARGETED_DEVICE_FAMILY = "1,2";
				TEST_HOST = "$(BUILT_PRODUCTS_DIR)/FlickrApp.app/FlickrApp";
			};
			name = Release;
		};
/* End XCBuildConfiguration section */

/* Begin XCConfigurationList section */
		EA1A07E8283BB44E00A5EBF7 /* Build configuration list for PBXProject "FlickrApp" */ = {
			isa = XCConfigurationList;
			buildConfigurations = (
				EA1A0815283BB45000A5EBF7 /* Debug */,
				EA1A0816283BB45000A5EBF7 /* Release */,
			);
			defaultConfigurationIsVisible = 0;
			defaultConfigurationName = Release;
		};
		EA1A0817283BB45000A5EBF7 /* Build configuration list for PBXNativeTarget "FlickrApp" */ = {
			isa = XCConfigurationList;
			buildConfigurations = (
				EA1A0818283BB45000A5EBF7 /* Debug */,
				EA1A0819283BB45000A5EBF7 /* Release */,
			);
			defaultConfigurationIsVisible = 0;
			defaultConfigurationName = Release;
		};
		EA1A081A283BB45000A5EBF7 /* Build configuration list for PBXNativeTarget "FlickrAppTests" */ = {
			isa = XCConfigurationList;
			buildConfigurations = (
				EA1A081B283BB45000A5EBF7 /* Debug */,
				EA1A081C283BB45000A5EBF7 /* Release */,
			);
			defaultConfigurationIsVisible = 0;
			defaultConfigurationName = Release;
		};
/* End XCConfigurationList section */

/* Begin XCVersionGroup section */
		EA4D8239283D017300AFDE35 /* Flickr.xcdatamodeld */ = {
			isa = XCVersionGroup;
			children = (
				EA4D823A283D017300AFDE35 /* Flickr.xcdatamodel */,
			);
			currentVersion = EA4D823A283D017300AFDE35 /* Flickr.xcdatamodel */;
			path = Flickr.xcdatamodeld;
			sourceTree = "<group>";
			versionGroupType = wrapper.xcdatamodel;
		};
/* End XCVersionGroup section */
	};
	rootObject = EA1A07E5283BB44E00A5EBF7 /* Project object */;
}
